PODS:
  - Kingfisher (7.10.1)
  - SnapKit (5.6.0)
  - Then (3.0.0)
  - ViewAnimator (3.1.0)

DEPENDENCIES:
  - Kingfisher (~> 7.0)
  - SnapKit (~> 5.6.0)
  - Then
  - ViewAnimator

SPEC REPOS:
  trunk:
    - Kingfisher
    - SnapKit
    - Then
    - ViewAnimator

SPEC CHECKSUMS:
  Kingfisher: bc5abe80a8e0144537ef1dd5a0b2621b04f7f439
  SnapKit: e01d52ebb8ddbc333eefe2132acf85c8227d9c25
  Then: 844265ae87834bbe1147d91d5d41a404da2ec27d
  ViewAnimator: a9ceed80266e00fd435ec4fb99b2df64d580d0e4

PODFILE CHECKSUM: 4151904de19993b6e61cf6e25ae091757490217a

COCOAPODS: 1.14.3
