// !$*UTF8*$!
{
	archiveVersion = 1;
	classes = {
	};
	objectVersion = 56;
	objects = {

/* Begin PBXBuildFile section */
		056DAFDB2B21A78E0074F5FA /* AppDelegate.swift in Sources */ = {isa = PBXBuildFile; fileRef = 056DAFDA2B21A78E0074F5FA /* AppDelegate.swift */; };
		056DAFDD2B21A78E0074F5FA /* SceneDelegate.swift in Sources */ = {isa = PBXBuildFile; fileRef = 056DAFDC2B21A78E0074F5FA /* SceneDelegate.swift */; };
		056DAFE42B21A78F0074F5FA /* Assets.xcassets in Resources */ = {isa = PBXBuildFile; fileRef = 056DAFE32B21A78F0074F5FA /* Assets.xcassets */; };
		056DAFE72B21A78F0074F5FA /* LaunchScreen.storyboard in Resources */ = {isa = PBXBuildFile; fileRef = 056DAFE52B21A78F0074F5FA /* LaunchScreen.storyboard */; };
		056DAFEF2B21A7DE0074F5FA /* HomeViewController.swift in Sources */ = {isa = PBXBuildFile; fileRef = 056DAFEE2B21A7DE0074F5FA /* HomeViewController.swift */; };
		05776D3C2B22DB8500901988 /* BookmarkViewController.swift in Sources */ = {isa = PBXBuildFile; fileRef = 05776D3B2B22DB8500901988 /* BookmarkViewController.swift */; };
		05776D3E2B22DB8D00901988 /* SettingViewController.swift in Sources */ = {isa = PBXBuildFile; fileRef = 05776D3D2B22DB8D00901988 /* SettingViewController.swift */; };
		05776D442B22EBAB00901988 /* TabBarController.swift in Sources */ = {isa = PBXBuildFile; fileRef = 05776D432B22EBAB00901988 /* TabBarController.swift */; };
/* End PBXBuildFile section */

/* Begin PBXFileReference section */
		056DAFD72B21A78E0074F5FA /* PastPaper.app */ = {isa = PBXFileReference; explicitFileType = wrapper.application; includeInIndex = 0; path = PastPaper.app; sourceTree = BUILT_PRODUCTS_DIR; };
		056DAFDA2B21A78E0074F5FA /* AppDelegate.swift */ = {isa = PBXFileReference; lastKnownFileType = sourcecode.swift; path = AppDelegate.swift; sourceTree = "<group>"; };
		056DAFDC2B21A78E0074F5FA /* SceneDelegate.swift */ = {isa = PBXFileReference; lastKnownFileType = sourcecode.swift; path = SceneDelegate.swift; sourceTree = "<group>"; };
		056DAFE32B21A78F0074F5FA /* Assets.xcassets */ = {isa = PBXFileReference; lastKnownFileType = folder.assetcatalog; path = Assets.xcassets; sourceTree = "<group>"; };
		056DAFE62B21A78F0074F5FA /* Base */ = {isa = PBXFileReference; lastKnownFileType = file.storyboard; name = Base; path = Base.lproj/LaunchScreen.storyboard; sourceTree = "<group>"; };
		056DAFE82B21A78F0074F5FA /* Info.plist */ = {isa = PBXFileReference; lastKnownFileType = text.plist.xml; path = Info.plist; sourceTree = "<group>"; };
		056DAFEE2B21A7DE0074F5FA /* HomeViewController.swift */ = {isa = PBXFileReference; lastKnownFileType = sourcecode.swift; path = HomeViewController.swift; sourceTree = "<group>"; };
		05776D3B2B22DB8500901988 /* BookmarkViewController.swift */ = {isa = PBXFileReference; lastKnownFileType = sourcecode.swift; path = BookmarkViewController.swift; sourceTree = "<group>"; };
		05776D3D2B22DB8D00901988 /* SettingViewController.swift */ = {isa = PBXFileReference; lastKnownFileType = sourcecode.swift; path = SettingViewController.swift; sourceTree = "<group>"; };
		05776D432B22EBAB00901988 /* TabBarController.swift */ = {isa = PBXFileReference; lastKnownFileType = sourcecode.swift; path = TabBarController.swift; sourceTree = "<group>"; };
/* End PBXFileReference section */

/* Begin PBXFrameworksBuildPhase section */
		056DAFD42B21A78E0074F5FA /* Frameworks */ = {
			isa = PBXFrameworksBuildPhase;
			buildActionMask = 2147483647;
			files = (
			);
			runOnlyForDeploymentPostprocessing = 0;
		};
/* End PBXFrameworksBuildPhase section */

/* Begin PBXGroup section */
		056DAFCE2B21A78E0074F5FA = {
			isa = PBXGroup;
			children = (
				056DAFD92B21A78E0074F5FA /* PastPaper */,
				056DAFD82B21A78E0074F5FA /* Products */,
			);
			sourceTree = "<group>";
		};
		056DAFD82B21A78E0074F5FA /* Products */ = {
			isa = PBXGroup;
			children = (
				056DAFD72B21A78E0074F5FA /* PastPaper.app */,
			);
			name = Products;
			sourceTree = "<group>";
		};
		056DAFD92B21A78E0074F5FA /* PastPaper */ = {
			isa = PBXGroup;
			children = (
				056DAFF12B21AAE20074F5FA /* Sources */,
				056DAFF02B21AAD90074F5FA /* Resources */,
			);
			path = PastPaper;
			sourceTree = "<group>";
		};
		056DAFF02B21AAD90074F5FA /* Resources */ = {
			isa = PBXGroup;
			children = (
				056DAFE32B21A78F0074F5FA /* Assets.xcassets */,
				056DAFE52B21A78F0074F5FA /* LaunchScreen.storyboard */,
				056DAFE82B21A78F0074F5FA /* Info.plist */,
			);
			path = Resources;
			sourceTree = "<group>";
		};
		056DAFF12B21AAE20074F5FA /* Sources */ = {
			isa = PBXGroup;
			children = (
				056DAFF22B21AAE70074F5FA /* Application */,
				05776D472B243B0500901988 /* Model */,
				056DAFFC2B21CB750074F5FA /* View */,
				056DAFFD2B21CB7D0074F5FA /* Controller */,
			);
			path = Sources;
			sourceTree = "<group>";
		};
		056DAFF22B21AAE70074F5FA /* Application */ = {
			isa = PBXGroup;
			children = (
				056DAFDA2B21A78E0074F5FA /* AppDelegate.swift */,
				056DAFDC2B21A78E0074F5FA /* SceneDelegate.swift */,
			);
			path = Application;
			sourceTree = "<group>";
		};
		056DAFFC2B21CB750074F5FA /* View */ = {
			isa = PBXGroup;
			children = (
			);
			path = View;
			sourceTree = "<group>";
		};
		056DAFFD2B21CB7D0074F5FA /* Controller */ = {
			isa = PBXGroup;
			children = (
				05776D432B22EBAB00901988 /* TabBarController.swift */,
				056DAFEE2B21A7DE0074F5FA /* HomeViewController.swift */,
				05776D3B2B22DB8500901988 /* BookmarkViewController.swift */,
				05776D3D2B22DB8D00901988 /* SettingViewController.swift */,
			);
			path = Controller;
			sourceTree = "<group>";
		};
		05776D472B243B0500901988 /* Model */ = {
			isa = PBXGroup;
			children = (
			);
			path = Model;
			sourceTree = "<group>";
		};
/* End PBXGroup section */

/* Begin PBXNativeTarget section */
		056DAFD62B21A78E0074F5FA /* PastPaper */ = {
			isa = PBXNativeTarget;
			buildConfigurationList = 056DAFEB2B21A78F0074F5FA /* Build configuration list for PBXNativeTarget "PastPaper" */;
			buildPhases = (
				056DAFD32B21A78E0074F5FA /* Sources */,
				056DAFD42B21A78E0074F5FA /* Frameworks */,
				056DAFD52B21A78E0074F5FA /* Resources */,
			);
			buildRules = (
			);
			dependencies = (
			);
			name = PastPaper;
			productName = PastPaper;
			productReference = 056DAFD72B21A78E0074F5FA /* PastPaper.app */;
			productType = "com.apple.product-type.application";
		};
/* End PBXNativeTarget section */

/* Begin PBXProject section */
		056DAFCF2B21A78E0074F5FA /* Project object */ = {
			isa = PBXProject;
			attributes = {
				BuildIndependentTargetsInParallel = 1;
				LastSwiftUpdateCheck = 1500;
				LastUpgradeCheck = 1500;
				TargetAttributes = {
					056DAFD62B21A78E0074F5FA = {
						CreatedOnToolsVersion = 15.0.1;
					};
				};
			};
			buildConfigurationList = 056DAFD22B21A78E0074F5FA /* Build configuration list for PBXProject "PastPaper" */;
			compatibilityVersion = "Xcode 14.0";
			developmentRegion = en;
			hasScannedForEncodings = 0;
			knownRegions = (
				en,
				Base,
			);
			mainGroup = 056DAFCE2B21A78E0074F5FA;
			productRefGroup = 056DAFD82B21A78E0074F5FA /* Products */;
			projectDirPath = "";
			projectRoot = "";
			targets = (
				056DAFD62B21A78E0074F5FA /* PastPaper */,
			);
		};
/* End PBXProject section */

/* Begin PBXResourcesBuildPhase section */
		056DAFD52B21A78E0074F5FA /* Resources */ = {
			isa = PBXResourcesBuildPhase;
			buildActionMask = 2147483647;
			files = (
				056DAFE72B21A78F0074F5FA /* LaunchScreen.storyboard in Resources */,
				056DAFE42B21A78F0074F5FA /* Assets.xcassets in Resources */,
			);
			runOnlyForDeploymentPostprocessing = 0;
		};
/* End PBXResourcesBuildPhase section */

/* Begin PBXSourcesBuildPhase section */
		056DAFD32B21A78E0074F5FA /* Sources */ = {
			isa = PBXSourcesBuildPhase;
			buildActionMask = 2147483647;
			files = (
				056DAFDB2B21A78E0074F5FA /* AppDelegate.swift in Sources */,
				05776D442B22EBAB00901988 /* TabBarController.swift in Sources */,
				056DAFDD2B21A78E0074F5FA /* SceneDelegate.swift in Sources */,
				05776D3C2B22DB8500901988 /* BookmarkViewController.swift in Sources */,
				05776D3E2B22DB8D00901988 /* SettingViewController.swift in Sources */,
				056DAFEF2B21A7DE0074F5FA /* HomeViewController.swift in Sources */,
			);
			runOnlyForDeploymentPostprocessing = 0;
		};
/* End PBXSourcesBuildPhase section */

/* Begin PBXVariantGroup section */
		056DAFE52B21A78F0074F5FA /* LaunchScreen.storyboard */ = {
			isa = PBXVariantGroup;
			children = (
				056DAFE62B21A78F0074F5FA /* Base */,
			);
			name = LaunchScreen.storyboard;
			sourceTree = "<group>";
		};
/* End PBXVariantGroup section */

/* Begin XCBuildConfiguration section */
		056DAFE92B21A78F0074F5FA /* Debug */ = {
			isa = XCBuildConfiguration;
			buildSettings = {
				ALWAYS_SEARCH_USER_PATHS = NO;
				ASSETCATALOG_COMPILER_GENERATE_SWIFT_ASSET_SYMBOL_EXTENSIONS = YES;
				CLANG_ANALYZER_NONNULL = YES;
				CLANG_ANALYZER_NUMBER_OBJECT_CONVERSION = YES_AGGRESSIVE;
				CLANG_CXX_LANGUAGE_STANDARD = "gnu++20";
				CLANG_ENABLE_MODULES = YES;
				CLANG_ENABLE_OBJC_ARC = YES;
				CLANG_ENABLE_OBJC_WEAK = YES;
				CLANG_WARN_BLOCK_CAPTURE_AUTORELEASING = YES;
				CLANG_WARN_BOOL_CONVERSION = YES;
				CLANG_WARN_COMMA = YES;
				CLANG_WARN_CONSTANT_CONVERSION = YES;
				CLANG_WARN_DEPRECATED_OBJC_IMPLEMENTATIONS = YES;
				CLANG_WARN_DIRECT_OBJC_ISA_USAGE = YES_ERROR;
				CLANG_WARN_DOCUMENTATION_COMMENTS = YES;
				CLANG_WARN_EMPTY_BODY = YES;
				CLANG_WARN_ENUM_CONVERSION = YES;
				CLANG_WARN_INFINITE_RECURSION = YES;
				CLANG_WARN_INT_CONVERSION = YES;
				CLANG_WARN_NON_LITERAL_NULL_CONVERSION = YES;
				CLANG_WARN_OBJC_IMPLICIT_RETAIN_SELF = YES;
				CLANG_WARN_OBJC_LITERAL_CONVERSION = YES;
				CLANG_WARN_OBJC_ROOT_CLASS = YES_ERROR;
				CLANG_WARN_QUOTED_INCLUDE_IN_FRAMEWORK_HEADER = YES;
				CLANG_WARN_RANGE_LOOP_ANALYSIS = YES;
				CLANG_WARN_STRICT_PROTOTYPES = YES;
				CLANG_WARN_SUSPICIOUS_MOVE = YES;
				CLANG_WARN_UNGUARDED_AVAILABILITY = YES_AGGRESSIVE;
				CLANG_WARN_UNREACHABLE_CODE = YES;
				CLANG_WARN__DUPLICATE_METHOD_MATCH = YES;
				COPY_PHASE_STRIP = NO;
				DEBUG_INFORMATION_FORMAT = dwarf;
				ENABLE_STRICT_OBJC_MSGSEND = YES;
				ENABLE_TESTABILITY = YES;
				ENABLE_USER_SCRIPT_SANDBOXING = YES;
				GCC_C_LANGUAGE_STANDARD = gnu17;
				GCC_DYNAMIC_NO_PIC = NO;
				GCC_NO_COMMON_BLOCKS = YES;
				GCC_OPTIMIZATION_LEVEL = 0;
				GCC_PREPROCESSOR_DEFINITIONS = (
					"DEBUG=1",
					"$(inherited)",
				);
				GCC_WARN_64_TO_32_BIT_CONVERSION = YES;
				GCC_WARN_ABOUT_RETURN_TYPE = YES_ERROR;
				GCC_WARN_UNDECLARED_SELECTOR = YES;
				GCC_WARN_UNINITIALIZED_AUTOS = YES_AGGRESSIVE;
				GCC_WARN_UNUSED_FUNCTION = YES;
				GCC_WARN_UNUSED_VARIABLE = YES;
				IPHONEOS_DEPLOYMENT_TARGET = 17.0;
				LOCALIZATION_PREFERS_STRING_CATALOGS = YES;
				MTL_ENABLE_DEBUG_INFO = INCLUDE_SOURCE;
				MTL_FAST_MATH = YES;
				ONLY_ACTIVE_ARCH = YES;
				SDKROOT = iphoneos;
				SWIFT_ACTIVE_COMPILATION_CONDITIONS = "DEBUG $(inherited)";
				SWIFT_OPTIMIZATION_LEVEL = "-Onone";
			};
			name = Debug;
		};
		056DAFEA2B21A78F0074F5FA /* Release */ = {
			isa = XCBuildConfiguration;
			buildSettings = {
				ALWAYS_SEARCH_USER_PATHS = NO;
				ASSETCATALOG_COMPILER_GENERATE_SWIFT_ASSET_SYMBOL_EXTENSIONS = YES;
				CLANG_ANALYZER_NONNULL = YES;
				CLANG_ANALYZER_NUMBER_OBJECT_CONVERSION = YES_AGGRESSIVE;
				CLANG_CXX_LANGUAGE_STANDARD = "gnu++20";
				CLANG_ENABLE_MODULES = YES;
				CLANG_ENABLE_OBJC_ARC = YES;
				CLANG_ENABLE_OBJC_WEAK = YES;
				CLANG_WARN_BLOCK_CAPTURE_AUTORELEASING = YES;
				CLANG_WARN_BOOL_CONVERSION = YES;
				CLANG_WARN_COMMA = YES;
				CLANG_WARN_CONSTANT_CONVERSION = YES;
				CLANG_WARN_DEPRECATED_OBJC_IMPLEMENTATIONS = YES;
				CLANG_WARN_DIRECT_OBJC_ISA_USAGE = YES_ERROR;
				CLANG_WARN_DOCUMENTATION_COMMENTS = YES;
				CLANG_WARN_EMPTY_BODY = YES;
				CLANG_WARN_ENUM_CONVERSION = YES;
				CLANG_WARN_INFINITE_RECURSION = YES;
				CLANG_WARN_INT_CONVERSION = YES;
				CLANG_WARN_NON_LITERAL_NULL_CONVERSION = YES;
				CLANG_WARN_OBJC_IMPLICIT_RETAIN_SELF = YES;
				CLANG_WARN_OBJC_LITERAL_CONVERSION = YES;
				CLANG_WARN_OBJC_ROOT_CLASS = YES_ERROR;
				CLANG_WARN_QUOTED_INCLUDE_IN_FRAMEWORK_HEADER = YES;
				CLANG_WARN_RANGE_LOOP_ANALYSIS = YES;
				CLANG_WARN_STRICT_PROTOTYPES = YES;
				CLANG_WARN_SUSPICIOUS_MOVE = YES;
				CLANG_WARN_UNGUARDED_AVAILABILITY = YES_AGGRESSIVE;
				CLANG_WARN_UNREACHABLE_CODE = YES;
				CLANG_WARN__DUPLICATE_METHOD_MATCH = YES;
				COPY_PHASE_STRIP = NO;
				DEBUG_INFORMATION_FORMAT = "dwarf-with-dsym";
				ENABLE_NS_ASSERTIONS = NO;
				ENABLE_STRICT_OBJC_MSGSEND = YES;
				ENABLE_USER_SCRIPT_SANDBOXING = YES;
				GCC_C_LANGUAGE_STANDARD = gnu17;
				GCC_NO_COMMON_BLOCKS = YES;
				GCC_WARN_64_TO_32_BIT_CONVERSION = YES;
				GCC_WARN_ABOUT_RETURN_TYPE = YES_ERROR;
				GCC_WARN_UNDECLARED_SELECTOR = YES;
				GCC_WARN_UNINITIALIZED_AUTOS = YES_AGGRESSIVE;
				GCC_WARN_UNUSED_FUNCTION = YES;
				GCC_WARN_UNUSED_VARIABLE = YES;
				IPHONEOS_DEPLOYMENT_TARGET = 17.0;
				LOCALIZATION_PREFERS_STRING_CATALOGS = YES;
				MTL_ENABLE_DEBUG_INFO = NO;
				MTL_FAST_MATH = YES;
				SDKROOT = iphoneos;
				SWIFT_COMPILATION_MODE = wholemodule;
				VALIDATE_PRODUCT = YES;
			};
			name = Release;
		};
		056DAFEC2B21A78F0074F5FA /* Debug */ = {
			isa = XCBuildConfiguration;
			buildSettings = {
				ASSETCATALOG_COMPILER_APPICON_NAME = AppIcon;
				ASSETCATALOG_COMPILER_GLOBAL_ACCENT_COLOR_NAME = AccentColor;
				CODE_SIGN_STYLE = Automatic;
				CURRENT_PROJECT_VERSION = 1;
				DEVELOPMENT_TEAM = 7WULLR98GP;
				GENERATE_INFOPLIST_FILE = YES;
				INFOPLIST_FILE = PastPaper/Resources/Info.plist;
				INFOPLIST_KEY_CFBundleDisplayName = "맛집족보";
				INFOPLIST_KEY_LSApplicationCategoryType = "public.app-category.food-and-drink";
				INFOPLIST_KEY_UIApplicationSupportsIndirectInputEvents = YES;
				INFOPLIST_KEY_UILaunchStoryboardName = LaunchScreen;
				INFOPLIST_KEY_UIMainStoryboardFile = "";
				INFOPLIST_KEY_UISupportedInterfaceOrientations_iPad = "UIInterfaceOrientationPortrait UIInterfaceOrientationPortraitUpsideDown UIInterfaceOrientationLandscapeLeft UIInterfaceOrientationLandscapeRight";
				INFOPLIST_KEY_UISupportedInterfaceOrientations_iPhone = "UIInterfaceOrientationPortrait UIInterfaceOrientationLandscapeLeft UIInterfaceOrientationLandscapeRight";
				IPHONEOS_DEPLOYMENT_TARGET = 15.0;
				LD_RUNPATH_SEARCH_PATHS = (
					"$(inherited)",
					"@executable_path/Frameworks",
				);
				MARKETING_VERSION = 1.0;
				PRODUCT_BUNDLE_IDENTIFIER = com.rafa.PastPaper;
				PRODUCT_NAME = "$(TARGET_NAME)";
				SUPPORTED_PLATFORMS = "iphoneos iphonesimulator";
				SUPPORTS_MACCATALYST = NO;
				SUPPORTS_MAC_DESIGNED_FOR_IPHONE_IPAD = NO;
				SWIFT_EMIT_LOC_STRINGS = YES;
				SWIFT_VERSION = 5.0;
				TARGETED_DEVICE_FAMILY = 1;
			};
			name = Debug;
		};
		056DAFED2B21A78F0074F5FA /* Release */ = {
			isa = XCBuildConfiguration;
			buildSettings = {
				ASSETCATALOG_COMPILER_APPICON_NAME = AppIcon;
				ASSETCATALOG_COMPILER_GLOBAL_ACCENT_COLOR_NAME = AccentColor;
				CODE_SIGN_STYLE = Automatic;
				CURRENT_PROJECT_VERSION = 1;
				DEVELOPMENT_TEAM = 7WULLR98GP;
				GENERATE_INFOPLIST_FILE = YES;
				INFOPLIST_FILE = PastPaper/Resources/Info.plist;
				INFOPLIST_KEY_CFBundleDisplayName = "맛집족보";
				INFOPLIST_KEY_LSApplicationCategoryType = "public.app-category.food-and-drink";
				INFOPLIST_KEY_UIApplicationSupportsIndirectInputEvents = YES;
				INFOPLIST_KEY_UILaunchStoryboardName = LaunchScreen;
				INFOPLIST_KEY_UIMainStoryboardFile = "";
				INFOPLIST_KEY_UISupportedInterfaceOrientations_iPad = "UIInterfaceOrientationPortrait UIInterfaceOrientationPortraitUpsideDown UIInterfaceOrientationLandscapeLeft UIInterfaceOrientationLandscapeRight";
				INFOPLIST_KEY_UISupportedInterfaceOrientations_iPhone = "UIInterfaceOrientationPortrait UIInterfaceOrientationLandscapeLeft UIInterfaceOrientationLandscapeRight";
				IPHONEOS_DEPLOYMENT_TARGET = 15.0;
				LD_RUNPATH_SEARCH_PATHS = (
					"$(inherited)",
					"@executable_path/Frameworks",
				);
				MARKETING_VERSION = 1.0;
				PRODUCT_BUNDLE_IDENTIFIER = com.rafa.PastPaper;
				PRODUCT_NAME = "$(TARGET_NAME)";
				SUPPORTED_PLATFORMS = "iphoneos iphonesimulator";
				SUPPORTS_MACCATALYST = NO;
				SUPPORTS_MAC_DESIGNED_FOR_IPHONE_IPAD = NO;
				SWIFT_EMIT_LOC_STRINGS = YES;
				SWIFT_VERSION = 5.0;
				TARGETED_DEVICE_FAMILY = 1;
			};
			name = Release;
		};
/* End XCBuildConfiguration section */

/* Begin XCConfigurationList section */
		056DAFD22B21A78E0074F5FA /* Build configuration list for PBXProject "PastPaper" */ = {
			isa = XCConfigurationList;
			buildConfigurations = (
				056DAFE92B21A78F0074F5FA /* Debug */,
				056DAFEA2B21A78F0074F5FA /* Release */,
			);
			defaultConfigurationIsVisible = 0;
			defaultConfigurationName = Release;
		};
		056DAFEB2B21A78F0074F5FA /* Build configuration list for PBXNativeTarget "PastPaper" */ = {
			isa = XCConfigurationList;
			buildConfigurations = (
				056DAFEC2B21A78F0074F5FA /* Debug */,
				056DAFED2B21A78F0074F5FA /* Release */,
			);
			defaultConfigurationIsVisible = 0;
			defaultConfigurationName = Release;
		};
/* End XCConfigurationList section */
	};
	rootObject = 056DAFCF2B21A78E0074F5FA /* Project object */;
}
